lockfileVersion: '9.0'

settings:
  autoInstallPeers: true
  excludeLinksFromLockfile: false

importers:

  .:
    dependencies:
      pnpm:
        specifier: 11.24.0
        version: 11.24.0

packages:

  pnpm@11.24.0:
    resolution: {integrity: sha512-vSfjRel23LC+C3oSKCF7BJqBfiGx81XJDb59xGZxiVqLwebQbCRVRQXqk+oLRfSJon7Bv7yN5qlln8oPFvoAAA==}
    engines: {node: '>=22.13'}
    hasBin: true

snapshots:

  pnpm@11.24.0: {}
